lockfileVersion: '9.0'

settings:
  autoInstallPeers: true
  excludeLinksFromLockfile: false

importers:

  .:
    devDependencies:
      typescript:
        specifier: ^5.5.4
        version: 5.9.3

  packages/core:
    devDependencies:
      typescript:
        specifier: ^5.5.4
        version: 5.9.3

  packages/query-guard:
    dependencies:
      '@liha-labs/query-guard':
        specifier: workspace:*
        version: link:../core
    devDependencies:
      typescript:
        specifier: ^5.5.4
        version: 5.9.3

  packages/react:
    dependencies:
      '@liha-labs/query-guard':
        specifier: workspace:*
        version: link:../core
      react:
        specifier: '>=18 || >=19'
        version: 19.2.4
    devDependencies:
      '@types/react':
        specifier: ^18.3.0
        version: 18.3.28
      typescript:
        specifier: ^5.5.4
        version: 5.9.3

  packages/resolvers:
    dependencies:
      '@liha-labs/query-guard':
        specifier: workspace:*
        version: link:../core
      zod:
        specifier: ^3.24.0
        version: 3.25.76
    devDependencies:
      typescript:
        specifier: ^5.5.4
        version: 5.9.3

packages:

  '@types/prop-types@15.7.15':
    resolution: {integrity: sha512-F6bEyamV9jKGAFBEmlQnesRPGOQqS2+Uwi0Em15xenOxHaf2hv6L8YCVn3rPdPJOiJfPiCnLIRyvwVaqMY3MIw==}

  '@types/react@18.3.28':
    resolution: {integrity: sha512-z9VXpC7MWrhfWipitjNdgCauoMLRdIILQsAEV+ZesIzBq/oUlxk0m3ApZuMFCXdnS4U7KrI+l3WRUEGQ8K1QKw==}

  csstype@3.2.3:
    resolution: {integrity: sha512-z1HGKcYy2xA8AGQfwrn0PAy+PB7X/GSj3UVJW9qKyn43xWa+gl5nXmU4qqLMRzWVLFC8KusUX8T/0kCiOYpAIQ==}

  react@19.2.4:
    resolution: {integrity: sha512-9nfp2hYpCwOjAN+8TZFGhtWEwgvWHXqESH8qT89AT/lWklpLON22Lc8pEtnpsZz7VmawabSU0gCjnj8aC0euHQ==}
    engines: {node: '>=0.10.0'}

  typescript@5.9.3:
    resolution: {integrity: sha512-jl1vZzPDinLr9eUt3J/t7V6FgNEw9QjvBPdysz9KfQDD41fQrC2Y4vKQdiaUpFT4bXlb1RHhLpp8wtm6M5TgSw==}
    engines: {node: '>=14.17'}
    hasBin: true

  zod@3.25.76:
    resolution: {integrity: sha512-gzUt/qt81nXsFGKIFcC3YnfEAx5NkunCfnDlvuBSSFS02bcXu4Lmea0AFIUwbLWxWPx3d9p8S5QoaujKcNQxcQ==}

snapshots:

  '@types/prop-types@15.7.15': {}

  '@types/react@18.3.28':
    dependencies:
      '@types/prop-types': 15.7.15
      csstype: 3.2.3

  csstype@3.2.3: {}

  react@19.2.4: {}

  typescript@5.9.3: {}

  zod@3.25.76: {}
